
Microsoft Visual Studio Solution File, Format Version 11.00
# Visual Studio 2010
Project("{FAE04EC0-301F-11D3-BF4B-00C04F79EFBC}") = "XEyesWinForm", "XEyesWinForm\XEyesWinForm.csproj", "{93ABBFA0-58CC-4A81-A1A1-30946180A4EA}"
EndProject
Project("{FAE04EC0-301F-11D3-BF4B-00C04F79EFBC}") = "XEyesWpf", "XEyesWpf\XEyesWpf.csproj", "{05703A01-1F0B-41BB-82AA-34682824D69A}"
EndProject
Global
	GlobalSection(SolutionConfigurationPlatforms) = preSolution
		Debug|Any CPU = Debug|Any CPU
		Release|Any CPU = Release|Any CPU
	EndGlobalSection
	GlobalSection(ProjectConfigurationPlatforms) = postSolution
		{93ABBFA0-58CC-4A81-A1A1-30946180A4EA}.Debug|Any CPU.ActiveCfg = Debug|Any CPU
		{93ABBFA0-58CC-4A81-A1A1-30946180A4EA}.Debug|Any CPU.Build.0 = Debug|Any CPU
		{93ABBFA0-58CC-4A81-A1A1-30946180A4EA}.Release|Any CPU.ActiveCfg = Release|Any CPU
		{93ABBFA0-58CC-4A81-A1A1-30946180A4EA}.Release|Any CPU.Build.0 = Release|Any CPU
		{05703A01-1F0B-41BB-82AA-34682824D69A}.Debug|Any CPU.ActiveCfg = Debug|Any CPU
		{05703A01-1F0B-41BB-82AA-34682824D69A}.Debug|Any CPU.Build.0 = Debug|Any CPU
		{05703A01-1F0B-41BB-82AA-34682824D69A}.Release|Any CPU.ActiveCfg = Release|Any CPU
		{05703A01-1F0B-41BB-82AA-34682824D69A}.Release|Any CPU.Build.0 = Release|Any CPU
	EndGlobalSection
	GlobalSection(SolutionProperties) = preSolution
		HideSolutionNode = FALSE
	EndGlobalSection
EndGlobal
